
Microsoft Visual Studio Solution File, Format Version 12.00
# Visual Studio Version 17
VisualStudioVersion = 17.5.33516.290
MinimumVisualStudioVersion = 10.0.40219.1
Project("{FAE04EC0-301F-11D3-BF4B-00C04F79EFBC}") = "Task 6", "Task 6.csproj", "{7A8536FD-B23A-4FA1-A06E-1BA1BD41A529}"
EndProject
Global
	GlobalSection(SolutionConfigurationPlatforms) = preSolution
		Debug|Any CPU = Debug|Any CPU
		Release|Any CPU = Release|Any CPU
	EndGlobalSection
	GlobalSection(ProjectConfigurationPlatforms) = postSolution
		{7A8536FD-B23A-4FA1-A06E-1BA1BD41A529}.Debug|Any CPU.ActiveCfg = Debug|Any CPU
		{7A8536FD-B23A-4FA1-A06E-1BA1BD41A529}.Debug|Any CPU.Build.0 = Debug|Any CPU
		{7A8536FD-B23A-4FA1-A06E-1BA1BD41A529}.Release|Any CPU.ActiveCfg = Release|Any CPU
		{7A8536FD-B23A-4FA1-A06E-1BA1BD41A529}.Release|Any CPU.Build.0 = Release|Any CPU
	EndGlobalSection
	GlobalSection(SolutionProperties) = preSolution
		HideSolutionNode = FALSE
	EndGlobalSection
	GlobalSection(ExtensibilityGlobals) = postSolution
		SolutionGuid = {CA6B5C66-4D22-4710-8938-A858FAB4316A}
	EndGlobalSection
EndGlobal
